
Microsoft Visual Studio Solution File, Format Version 12.00
# Visual Studio 14
VisualStudioVersion = 14.0.23107.0
MinimumVisualStudioVersion = 10.0.40219.1
Project("{FAE04EC0-301F-11D3-BF4B-00C04F79EFBC}") = "RecipeBook.DesktopClient", "RecipeBook.DesktopClient\RecipeBook.DesktopClient.csproj", "{899BD254-1A9F-4D38-BB27-0A584CE44339}"
EndProject
Project("{FAE04EC0-301F-11D3-BF4B-00C04F79EFBC}") = "RecipeBook.Context", "RecipeBook.Context\RecipeBook.Context.csproj", "{BA0A2D7A-4742-446B-A268-FCD98EDC2764}"
EndProject
Global
	GlobalSection(SolutionConfigurationPlatforms) = preSolution
		Debug|Any CPU = Debug|Any CPU
		Release|Any CPU = Release|Any CPU
	EndGlobalSection
	GlobalSection(ProjectConfigurationPlatforms) = postSolution
		{899BD254-1A9F-4D38-BB27-0A584CE44339}.Debug|Any CPU.ActiveCfg = Debug|Any CPU
		{899BD254-1A9F-4D38-BB27-0A584CE44339}.Debug|Any CPU.Build.0 = Debug|Any CPU
		{899BD254-1A9F-4D38-BB27-0A584CE44339}.Release|Any CPU.ActiveCfg = Release|Any CPU
		{899BD254-1A9F-4D38-BB27-0A584CE44339}.Release|Any CPU.Build.0 = Release|Any CPU
		{BA0A2D7A-4742-446B-A268-FCD98EDC2764}.Debug|Any CPU.ActiveCfg = Debug|Any CPU
		{BA0A2D7A-4742-446B-A268-FCD98EDC2764}.Debug|Any CPU.Build.0 = Debug|Any CPU
		{BA0A2D7A-4742-446B-A268-FCD98EDC2764}.Release|Any CPU.ActiveCfg = Release|Any CPU
		{BA0A2D7A-4742-446B-A268-FCD98EDC2764}.Release|Any CPU.Build.0 = Release|Any CPU
	EndGlobalSection
	GlobalSection(SolutionProperties) = preSolution
		HideSolutionNode = FALSE
	EndGlobalSection
EndGlobal
